
Microsoft Visual Studio Solution File, Format Version 12.00
# Visual Studio Version 17
VisualStudioVersion = 17.4.33213.308
MinimumVisualStudioVersion = 10.0.40219.1
Project("{FAE04EC0-301F-11D3-BF4B-00C04F79EFBC}") = "SimpleCommand", "SimpleCommand\SimpleCommand.csproj", "{CD54B6FC-4EA7-494D-8331-63D8B5FFF8F1}"
EndProject
Project("{FAE04EC0-301F-11D3-BF4B-00C04F79EFBC}") = "GenericCommand", "GenericCommand\GenericCommand.csproj", "{C71DD975-97E3-4C8F-9BF7-6D30EB98E855}"
EndProject
Project("{FAE04EC0-301F-11D3-BF4B-00C04F79EFBC}") = "Ovladac", "Ovladac\Ovladac.csproj", "{9F9507CB-090B-4C05-816B-9BF31F5D84F8}"
EndProject
Global
	GlobalSection(SolutionConfigurationPlatforms) = preSolution
		Debug|Any CPU = Debug|Any CPU
		Release|Any CPU = Release|Any CPU
	EndGlobalSection
	GlobalSection(ProjectConfigurationPlatforms) = postSolution
		{CD54B6FC-4EA7-494D-8331-63D8B5FFF8F1}.Debug|Any CPU.ActiveCfg = Debug|Any CPU
		{CD54B6FC-4EA7-494D-8331-63D8B5FFF8F1}.Debug|Any CPU.Build.0 = Debug|Any CPU
		{CD54B6FC-4EA7-494D-8331-63D8B5FFF8F1}.Release|Any CPU.ActiveCfg = Release|Any CPU
		{CD54B6FC-4EA7-494D-8331-63D8B5FFF8F1}.Release|Any CPU.Build.0 = Release|Any CPU
		{C71DD975-97E3-4C8F-9BF7-6D30EB98E855}.Debug|Any CPU.ActiveCfg = Debug|Any CPU
		{C71DD975-97E3-4C8F-9BF7-6D30EB98E855}.Debug|Any CPU.Build.0 = Debug|Any CPU
		{C71DD975-97E3-4C8F-9BF7-6D30EB98E855}.Release|Any CPU.ActiveCfg = Release|Any CPU
		{C71DD975-97E3-4C8F-9BF7-6D30EB98E855}.Release|Any CPU.Build.0 = Release|Any CPU
		{9F9507CB-090B-4C05-816B-9BF31F5D84F8}.Debug|Any CPU.ActiveCfg = Debug|Any CPU
		{9F9507CB-090B-4C05-816B-9BF31F5D84F8}.Debug|Any CPU.Build.0 = Debug|Any CPU
		{9F9507CB-090B-4C05-816B-9BF31F5D84F8}.Release|Any CPU.ActiveCfg = Release|Any CPU
		{9F9507CB-090B-4C05-816B-9BF31F5D84F8}.Release|Any CPU.Build.0 = Release|Any CPU
	EndGlobalSection
	GlobalSection(SolutionProperties) = preSolution
		HideSolutionNode = FALSE
	EndGlobalSection
	GlobalSection(ExtensibilityGlobals) = postSolution
		SolutionGuid = {68EC1443-A725-4DD0-9E0E-206D6B4A77F8}
	EndGlobalSection
EndGlobal
