
Microsoft Visual Studio Solution File, Format Version 12.00
# Visual Studio Version 17
VisualStudioVersion = 17.4.33213.308
MinimumVisualStudioVersion = 10.0.40219.1
Project("{FAE04EC0-301F-11D3-BF4B-00C04F79EFBC}") = "PripravaNapoje", "PripravaNapoje\PripravaNapoje.csproj", "{ACCDD804-91F3-45A0-A463-626E5ED01422}"
EndProject
Global
	GlobalSection(SolutionConfigurationPlatforms) = preSolution
		Debug|Any CPU = Debug|Any CPU
		Release|Any CPU = Release|Any CPU
	EndGlobalSection
	GlobalSection(ProjectConfigurationPlatforms) = postSolution
		{ACCDD804-91F3-45A0-A463-626E5ED01422}.Debug|Any CPU.ActiveCfg = Debug|Any CPU
		{ACCDD804-91F3-45A0-A463-626E5ED01422}.Debug|Any CPU.Build.0 = Debug|Any CPU
		{ACCDD804-91F3-45A0-A463-626E5ED01422}.Release|Any CPU.ActiveCfg = Release|Any CPU
		{ACCDD804-91F3-45A0-A463-626E5ED01422}.Release|Any CPU.Build.0 = Release|Any CPU
	EndGlobalSection
	GlobalSection(SolutionProperties) = preSolution
		HideSolutionNode = FALSE
	EndGlobalSection
	GlobalSection(ExtensibilityGlobals) = postSolution
		SolutionGuid = {F73CD61C-7FB9-4297-B371-7184CF2FF7AE}
	EndGlobalSection
EndGlobal
