
Microsoft Visual Studio Solution File, Format Version 12.00
# Visual Studio Version 17
VisualStudioVersion = 17.4.33213.308
MinimumVisualStudioVersion = 10.0.40219.1
Project("{FAE04EC0-301F-11D3-BF4B-00C04F79EFBC}") = "JenJeden", "JenJeden\JenJeden.csproj", "{500B766B-4474-479F-B62A-8E8B33BC8DAC}"
EndProject
Global
	GlobalSection(SolutionConfigurationPlatforms) = preSolution
		Debug|Any CPU = Debug|Any CPU
		Release|Any CPU = Release|Any CPU
	EndGlobalSection
	GlobalSection(ProjectConfigurationPlatforms) = postSolution
		{500B766B-4474-479F-B62A-8E8B33BC8DAC}.Debug|Any CPU.ActiveCfg = Debug|Any CPU
		{500B766B-4474-479F-B62A-8E8B33BC8DAC}.Debug|Any CPU.Build.0 = Debug|Any CPU
		{500B766B-4474-479F-B62A-8E8B33BC8DAC}.Release|Any CPU.ActiveCfg = Release|Any CPU
		{500B766B-4474-479F-B62A-8E8B33BC8DAC}.Release|Any CPU.Build.0 = Release|Any CPU
	EndGlobalSection
	GlobalSection(SolutionProperties) = preSolution
		HideSolutionNode = FALSE
	EndGlobalSection
	GlobalSection(ExtensibilityGlobals) = postSolution
		SolutionGuid = {08CEF5B5-85BD-4841-9381-E9AB8A609C36}
	EndGlobalSection
EndGlobal
